// !$*UTF8*$!
{
	archiveVersion = 1;
	classes = {
	};
	objectVersion = 46;
	objects = {

/* Begin PBXBuildFile section */
		2E5FFADD4ABD4A41A2A928CC /* libPods.a in Frameworks */ = {isa = PBXBuildFile; fileRef = 7BD07B5903894708AB9DA758 /* libPods.a */; };
		421C1C4D189A2E9A00821973 /* Foundation.framework in Frameworks */ = {isa = PBXBuildFile; fileRef = 421C1C4C189A2E9A00821973 /* Foundation.framework */; };
		421C1C4F189A2E9A00821973 /* CoreGraphics.framework in Frameworks */ = {isa = PBXBuildFile; fileRef = 421C1C4E189A2E9A00821973 /* CoreGraphics.framework */; };
		421C1C51189A2E9A00821973 /* UIKit.framework in Frameworks */ = {isa = PBXBuildFile; fileRef = 421C1C50189A2E9A00821973 /* UIKit.framework */; };
		421C1C57189A2E9A00821973 /* InfoPlist.strings in Resources */ = {isa = PBXBuildFile; fileRef = 421C1C55189A2E9A00821973 /* InfoPlist.strings */; };
		421C1C59189A2E9A00821973 /* main.m in Sources */ = {isa = PBXBuildFile; fileRef = 421C1C58189A2E9A00821973 /* main.m */; };
		421C1C5D189A2E9A00821973 /* SocketsAppDelegate.m in Sources */ = {isa = PBXBuildFile; fileRef = 421C1C5C189A2E9A00821973 /* SocketsAppDelegate.m */; };
		421C1C60189A2E9A00821973 /* Main.storyboard in Resources */ = {isa = PBXBuildFile; fileRef = 421C1C5E189A2E9A00821973 /* Main.storyboard */; };
		421C1C63189A2E9A00821973 /* SocketsViewController.m in Sources */ = {isa = PBXBuildFile; fileRef = 421C1C62189A2E9A00821973 /* SocketsViewController.m */; };
		421C1C65189A2E9A00821973 /* Images.xcassets in Resources */ = {isa = PBXBuildFile; fileRef = 421C1C64189A2E9A00821973 /* Images.xcassets */; };
		421C1C6C189A2E9A00821973 /* XCTest.framework in Frameworks */ = {isa = PBXBuildFile; fileRef = 421C1C6B189A2E9A00821973 /* XCTest.framework */; };
		421C1C6D189A2E9A00821973 /* Foundation.framework in Frameworks */ = {isa = PBXBuildFile; fileRef = 421C1C4C189A2E9A00821973 /* Foundation.framework */; };
		421C1C6E189A2E9A00821973 /* UIKit.framework in Frameworks */ = {isa = PBXBuildFile; fileRef = 421C1C50189A2E9A00821973 /* UIKit.framework */; };
		421C1C76189A2E9A00821973 /* InfoPlist.strings in Resources */ = {isa = PBXBuildFile; fileRef = 421C1C74189A2E9A00821973 /* InfoPlist.strings */; };
		421C1C78189A2E9A00821973 /* SocketsTests.m in Sources */ = {isa = PBXBuildFile; fileRef = 421C1C77189A2E9A00821973 /* SocketsTests.m */; };
		42BA4D6A189AE7460080DC3C /* MessageTableViewController.m in Sources */ = {isa = PBXBuildFile; fileRef = 42BA4D69189AE7460080DC3C /* MessageTableViewController.m */; };
/* End PBXBuildFile section */

/* Begin PBXContainerItemProxy section */
		421C1C6F189A2E9A00821973 /* PBXContainerItemProxy */ = {
			isa = PBXContainerItemProxy;
			containerPortal = 421C1C41189A2E9A00821973 /* Project object */;
			proxyType = 1;
			remoteGlobalIDString = 421C1C48189A2E9A00821973;
			remoteInfo = Sockets;
		};
/* End PBXContainerItemProxy section */

/* Begin PBXFileReference section */
		421C1C49189A2E9A00821973 /* Sockets.app */ = {isa = PBXFileReference; explicitFileType = wrapper.application; includeInIndex = 0; path = Sockets.app; sourceTree = BUILT_PRODUCTS_DIR; };
		421C1C4C189A2E9A00821973 /* Foundation.framework */ = {isa = PBXFileReference; lastKnownFileType = wrapper.framework; name = Foundation.framework; path = System/Library/Frameworks/Foundation.framework; sourceTree = SDKROOT; };
		421C1C4E189A2E9A00821973 /* CoreGraphics.framework */ = {isa = PBXFileReference; lastKnownFileType = wrapper.framework; name = CoreGraphics.framework; path = System/Library/Frameworks/CoreGraphics.framework; sourceTree = SDKROOT; };
		421C1C50189A2E9A00821973 /* UIKit.framework */ = {isa = PBXFileReference; lastKnownFileType = wrapper.framework; name = UIKit.framework; path = System/Library/Frameworks/UIKit.framework; sourceTree = SDKROOT; };
		421C1C54189A2E9A00821973 /* Sockets-Info.plist */ = {isa = PBXFileReference; lastKnownFileType = text.plist.xml; path = "Sockets-Info.plist"; sourceTree = "<group>"; };
		421C1C56189A2E9A00821973 /* en */ = {isa = PBXFileReference; lastKnownFileType = text.plist.strings; name = en; path = en.lproj/InfoPlist.strings; sourceTree = "<group>"; };
		421C1C58189A2E9A00821973 /* main.m */ = {isa = PBXFileReference; lastKnownFileType = sourcecode.c.objc; path = main.m; sourceTree = "<group>"; };
		421C1C5A189A2E9A00821973 /* Sockets-Prefix.pch */ = {isa = PBXFileReference; lastKnownFileType = sourcecode.c.h; path = "Sockets-Prefix.pch"; sourceTree = "<group>"; };
		421C1C5B189A2E9A00821973 /* SocketsAppDelegate.h */ = {isa = PBXFileReference; lastKnownFileType = sourcecode.c.h; path = SocketsAppDelegate.h; sourceTree = "<group>"; };
		421C1C5C189A2E9A00821973 /* SocketsAppDelegate.m */ = {isa = PBXFileReference; lastKnownFileType = sourcecode.c.objc; path = SocketsAppDelegate.m; sourceTree = "<group>"; };
		421C1C5F189A2E9A00821973 /* Base */ = {isa = PBXFileReference; lastKnownFileType = file.storyboard; name = Base; path = Base.lproj/Main.storyboard; sourceTree = "<group>"; };
		421C1C61189A2E9A00821973 /* SocketsViewController.h */ = {isa = PBXFileReference; lastKnownFileType = sourcecode.c.h; path = SocketsViewController.h; sourceTree = "<group>"; };
		421C1C62189A2E9A00821973 /* SocketsViewController.m */ = {isa = PBXFileReference; lastKnownFileType = sourcecode.c.objc; path = SocketsViewController.m; sourceTree = "<group>"; };
		421C1C64189A2E9A00821973 /* Images.xcassets */ = {isa = PBXFileReference; lastKnownFileType = folder.assetcatalog; path = Images.xcassets; sourceTree = "<group>"; };
		421C1C6A189A2E9A00821973 /* SocketsTests.xctest */ = {isa = PBXFileReference; explicitFileType = wrapper.cfbundle; includeInIndex = 0; path = SocketsTests.xctest; sourceTree = BUILT_PRODUCTS_DIR; };
		421C1C6B189A2E9A00821973 /* XCTest.framework */ = {isa = PBXFileReference; lastKnownFileType = wrapper.framework; name = XCTest.framework; path = Library/Frameworks/XCTest.framework; sourceTree = DEVELOPER_DIR; };
		421C1C73189A2E9A00821973 /* SocketsTests-Info.plist */ = {isa = PBXFileReference; lastKnownFileType = text.plist.xml; path = "SocketsTests-Info.plist"; sourceTree = "<group>"; };
		421C1C75189A2E9A00821973 /* en */ = {isa = PBXFileReference; lastKnownFileType = text.plist.strings; name = en; path = en.lproj/InfoPlist.strings; sourceTree = "<group>"; };
		421C1C77189A2E9A00821973 /* SocketsTests.m */ = {isa = PBXFileReference; lastKnownFileType = sourcecode.c.objc; path = SocketsTests.m; sourceTree = "<group>"; };
		42BA4D68189AE7460080DC3C /* MessageTableViewController.h */ = {isa = PBXFileReference; fileEncoding = 4; lastKnownFileType = sourcecode.c.h; path = MessageTableViewController.h; sourceTree = "<group>"; };
		42BA4D69189AE7460080DC3C /* MessageTableViewController.m */ = {isa = PBXFileReference; fileEncoding = 4; lastKnownFileType = sourcecode.c.objc; path = MessageTableViewController.m; sourceTree = "<group>"; };
		67F57E2DB6D94CD2B1A5908F /* Pods.xcconfig */ = {isa = PBXFileReference; includeInIndex = 1; lastKnownFileType = text.xcconfig; name = Pods.xcconfig; path = Pods/Pods.xcconfig; sourceTree = "<group>"; };
		7BD07B5903894708AB9DA758 /* libPods.a */ = {isa = PBXFileReference; explicitFileType = archive.ar; includeInIndex = 0; path = libPods.a; sourceTree = BUILT_PRODUCTS_DIR; };
/* End PBXFileReference section */

/* Begin PBXFrameworksBuildPhase section */
		421C1C46189A2E9A00821973 /* Frameworks */ = {
			isa = PBXFrameworksBuildPhase;
			buildActionMask = 2147483647;
			files = (
				421C1C4F189A2E9A00821973 /* CoreGraphics.framework in Frameworks */,
				421C1C51189A2E9A00821973 /* UIKit.framework in Frameworks */,
				421C1C4D189A2E9A00821973 /* Foundation.framework in Frameworks */,
				2E5FFADD4ABD4A41A2A928CC /* libPods.a in Frameworks */,
			);
			runOnlyForDeploymentPostprocessing = 0;
		};
		421C1C67189A2E9A00821973 /* Frameworks */ = {
			isa = PBXFrameworksBuildPhase;
			buildActionMask = 2147483647;
			files = (
				421C1C6C189A2E9A00821973 /* XCTest.framework in Frameworks */,
				421C1C6E189A2E9A00821973 /* UIKit.framework in Frameworks */,
				421C1C6D189A2E9A00821973 /* Foundation.framework in Frameworks */,
			);
			runOnlyForDeploymentPostprocessing = 0;
		};
/* End PBXFrameworksBuildPhase section */

/* Begin PBXGroup section */
		421C1C40189A2E9A00821973 = {
			isa = PBXGroup;
			children = (
				421C1C52189A2E9A00821973 /* Sockets */,
				421C1C71189A2E9A00821973 /* SocketsTests */,
				421C1C4B189A2E9A00821973 /* Frameworks */,
				421C1C4A189A2E9A00821973 /* Products */,
				67F57E2DB6D94CD2B1A5908F /* Pods.xcconfig */,
			);
			sourceTree = "<group>";
		};
		421C1C4A189A2E9A00821973 /* Products */ = {
			isa = PBXGroup;
			children = (
				421C1C49189A2E9A00821973 /* Sockets.app */,
				421C1C6A189A2E9A00821973 /* SocketsTests.xctest */,
			);
			name = Products;
			sourceTree = "<group>";
		};
		421C1C4B189A2E9A00821973 /* Frameworks */ = {
			isa = PBXGroup;
			children = (
				421C1C4C189A2E9A00821973 /* Foundation.framework */,
				421C1C4E189A2E9A00821973 /* CoreGraphics.framework */,
				421C1C50189A2E9A00821973 /* UIKit.framework */,
				421C1C6B189A2E9A00821973 /* XCTest.framework */,
				7BD07B5903894708AB9DA758 /* libPods.a */,
			);
			name = Frameworks;
			sourceTree = "<group>";
		};
		421C1C52189A2E9A00821973 /* Sockets */ = {
			isa = PBXGroup;
			children = (
				421C1C5B189A2E9A00821973 /* SocketsAppDelegate.h */,
				421C1C5C189A2E9A00821973 /* SocketsAppDelegate.m */,
				42BA4D68189AE7460080DC3C /* MessageTableViewController.h */,
				42BA4D69189AE7460080DC3C /* MessageTableViewController.m */,
				421C1C5E189A2E9A00821973 /* Main.storyboard */,
				421C1C61189A2E9A00821973 /* SocketsViewController.h */,
				421C1C62189A2E9A00821973 /* SocketsViewController.m */,
				421C1C64189A2E9A00821973 /* Images.xcassets */,
				421C1C53189A2E9A00821973 /* Supporting Files */,
			);
			path = Sockets;
			sourceTree = "<group>";
		};
		421C1C53189A2E9A00821973 /* Supporting Files */ = {
			isa = PBXGroup;
			children = (
				421C1C54189A2E9A00821973 /* Sockets-Info.plist */,
				421C1C55189A2E9A00821973 /* InfoPlist.strings */,
				421C1C58189A2E9A00821973 /* main.m */,
				421C1C5A189A2E9A00821973 /* Sockets-Prefix.pch */,
			);
			name = "Supporting Files";
			sourceTree = "<group>";
		};
		421C1C71189A2E9A00821973 /* SocketsTests */ = {
			isa = PBXGroup;
			children = (
				421C1C77189A2E9A00821973 /* SocketsTests.m */,
				421C1C72189A2E9A00821973 /* Supporting Files */,
			);
			path = SocketsTests;
			sourceTree = "<group>";
		};
		421C1C72189A2E9A00821973 /* Supporting Files */ = {
			isa = PBXGroup;
			children = (
				421C1C73189A2E9A00821973 /* SocketsTests-Info.plist */,
				421C1C74189A2E9A00821973 /* InfoPlist.strings */,
			);
			name = "Supporting Files";
			sourceTree = "<group>";
		};
/* End PBXGroup section */

/* Begin PBXNativeTarget section */
		421C1C48189A2E9A00821973 /* Sockets */ = {
			isa = PBXNativeTarget;
			buildConfigurationList = 421C1C7B189A2E9A00821973 /* Build configuration list for PBXNativeTarget "Sockets" */;
			buildPhases = (
				3674EE5808FD47C4B14255EB /* Check Pods Manifest.lock */,
				421C1C45189A2E9A00821973 /* Sources */,
				421C1C46189A2E9A00821973 /* Frameworks */,
				421C1C47189A2E9A00821973 /* Resources */,
				C593279061DE467BA20750DD /* Copy Pods Resources */,
			);
			buildRules = (
			);
			dependencies = (
			);
			name = Sockets;
			productName = Sockets;
			productReference = 421C1C49189A2E9A00821973 /* Sockets.app */;
			productType = "com.apple.product-type.application";
		};
		421C1C69189A2E9A00821973 /* SocketsTests */ = {
			isa = PBXNativeTarget;
			buildConfigurationList = 421C1C7E189A2E9A00821973 /* Build configuration list for PBXNativeTarget "SocketsTests" */;
			buildPhases = (
				421C1C66189A2E9A00821973 /* Sources */,
				421C1C67189A2E9A00821973 /* Frameworks */,
				421C1C68189A2E9A00821973 /* Resources */,
			);
			buildRules = (
			);
			dependencies = (
				421C1C70189A2E9A00821973 /* PBXTargetDependency */,
			);
			name = SocketsTests;
			productName = SocketsTests;
			productReference = 421C1C6A189A2E9A00821973 /* SocketsTests.xctest */;
			productType = "com.apple.product-type.bundle.unit-test";
		};
/* End PBXNativeTarget section */

/* Begin PBXProject section */
		421C1C41189A2E9A00821973 /* Project object */ = {
			isa = PBXProject;
			attributes = {
				CLASSPREFIX = Sockets;
				LastUpgradeCheck = 0500;
				ORGANIZATIONNAME = "Niranjan Ravichandran";
				TargetAttributes = {
					421C1C69189A2E9A00821973 = {
						TestTargetID = 421C1C48189A2E9A00821973;
					};
				};
			};
			buildConfigurationList = 421C1C44189A2E9A00821973 /* Build configuration list for PBXProject "Sockets" */;
			compatibilityVersion = "Xcode 3.2";
			developmentRegion = English;
			hasScannedForEncodings = 0;
			knownRegions = (
				en,
				Base,
			);
			mainGroup = 421C1C40189A2E9A00821973;
			productRefGroup = 421C1C4A189A2E9A00821973 /* Products */;
			projectDirPath = "";
			projectRoot = "";
			targets = (
				421C1C48189A2E9A00821973 /* Sockets */,
				421C1C69189A2E9A00821973 /* SocketsTests */,
			);
		};
/* End PBXProject section */

/* Begin PBXResourcesBuildPhase section */
		421C1C47189A2E9A00821973 /* Resources */ = {
			isa = PBXResourcesBuildPhase;
			buildActionMask = 2147483647;
			files = (
				421C1C65189A2E9A00821973 /* Images.xcassets in Resources */,
				421C1C57189A2E9A00821973 /* InfoPlist.strings in Resources */,
				421C1C60189A2E9A00821973 /* Main.storyboard in Resources */,
			);
			runOnlyForDeploymentPostprocessing = 0;
		};
		421C1C68189A2E9A00821973 /* Resources */ = {
			isa = PBXResourcesBuildPhase;
			buildActionMask = 2147483647;
			files = (
				421C1C76189A2E9A00821973 /* InfoPlist.strings in Resources */,
			);
			runOnlyForDeploymentPostprocessing = 0;
		};
/* End PBXResourcesBuildPhase section */

/* Begin PBXShellScriptBuildPhase section */
		3674EE5808FD47C4B14255EB /* Check Pods Manifest.lock */ = {
			isa = PBXShellScriptBuildPhase;
			buildActionMask = 2147483647;
			files = (
			);
			inputPaths = (
			);
			name = "Check Pods Manifest.lock";
			outputPaths = (
			);
			runOnlyForDeploymentPostprocessing = 0;
			shellPath = /bin/sh;
			shellScript = "diff \"${PODS_ROOT}/../Podfile.lock\" \"${PODS_ROOT}/Manifest.lock\" > /dev/null\nif [[ $? != 0 ]] ; then\n    cat << EOM\nerror: The sandbox is not in sync with the Podfile.lock. Run 'pod install' or update your CocoaPods installation.\nEOM\n    exit 1\nfi\n";
			showEnvVarsInLog = 0;
		};
		C593279061DE467BA20750DD /* Copy Pods Resources */ = {
			isa = PBXShellScriptBuildPhase;
			buildActionMask = 2147483647;
			files = (
			);
			inputPaths = (
			);
			name = "Copy Pods Resources";
			outputPaths = (
			);
			runOnlyForDeploymentPostprocessing = 0;
			shellPath = /bin/sh;
			shellScript = "\"${SRCROOT}/Pods/Pods-resources.sh\"\n";
			showEnvVarsInLog = 0;
		};
/* End PBXShellScriptBuildPhase section */

/* Begin PBXSourcesBuildPhase section */
		421C1C45189A2E9A00821973 /* Sources */ = {
			isa = PBXSourcesBuildPhase;
			buildActionMask = 2147483647;
			files = (
				421C1C59189A2E9A00821973 /* main.m in Sources */,
				421C1C63189A2E9A00821973 /* SocketsViewController.m in Sources */,
				421C1C5D189A2E9A00821973 /* SocketsAppDelegate.m in Sources */,
				42BA4D6A189AE7460080DC3C /* MessageTableViewController.m in Sources */,
			);
			runOnlyForDeploymentPostprocessing = 0;
		};
		421C1C66189A2E9A00821973 /* Sources */ = {
			isa = PBXSourcesBuildPhase;
			buildActionMask = 2147483647;
			files = (
				421C1C78189A2E9A00821973 /* SocketsTests.m in Sources */,
			);
			runOnlyForDeploymentPostprocessing = 0;
		};
/* End PBXSourcesBuildPhase section */

/* Begin PBXTargetDependency section */
		421C1C70189A2E9A00821973 /* PBXTargetDependency */ = {
			isa = PBXTargetDependency;
			target = 421C1C48189A2E9A00821973 /* Sockets */;
			targetProxy = 421C1C6F189A2E9A00821973 /* PBXContainerItemProxy */;
		};
/* End PBXTargetDependency section */

/* Begin PBXVariantGroup section */
		421C1C55189A2E9A00821973 /* InfoPlist.strings */ = {
			isa = PBXVariantGroup;
			children = (
				421C1C56189A2E9A00821973 /* en */,
			);
			name = InfoPlist.strings;
			sourceTree = "<group>";
		};
		421C1C5E189A2E9A00821973 /* Main.storyboard */ = {
			isa = PBXVariantGroup;
			children = (
				421C1C5F189A2E9A00821973 /* Base */,
			);
			name = Main.storyboard;
			sourceTree = "<group>";
		};
		421C1C74189A2E9A00821973 /* InfoPlist.strings */ = {
			isa = PBXVariantGroup;
			children = (
				421C1C75189A2E9A00821973 /* en */,
			);
			name = InfoPlist.strings;
			sourceTree = "<group>";
		};
/* End PBXVariantGroup section */

/* Begin XCBuildConfiguration section */
		421C1C79189A2E9A00821973 /* Debug */ = {
			isa = XCBuildConfiguration;
			buildSettings = {
				ALWAYS_SEARCH_USER_PATHS = NO;
				ARCHS = "$(ARCHS_STANDARD_INCLUDING_64_BIT)";
				CLANG_CXX_LANGUAGE_STANDARD = "gnu++0x";
				CLANG_CXX_LIBRARY = "libc++";
				CLANG_ENABLE_MODULES = YES;
				CLANG_ENABLE_OBJC_ARC = YES;
				CLANG_WARN_BOOL_CONVERSION = YES;
				CLANG_WARN_CONSTANT_CONVERSION = YES;
				CLANG_WARN_DIRECT_OBJC_ISA_USAGE = YES_ERROR;
				CLANG_WARN_EMPTY_BODY = YES;
				CLANG_WARN_ENUM_CONVERSION = YES;
				CLANG_WARN_INT_CONVERSION = YES;
				CLANG_WARN_OBJC_ROOT_CLASS = YES_ERROR;
				CLANG_WARN__DUPLICATE_METHOD_MATCH = YES;
				"CODE_SIGN_IDENTITY[sdk=iphoneos*]" = "iPhone Developer";
				COPY_PHASE_STRIP = NO;
				GCC_C_LANGUAGE_STANDARD = gnu99;
				GCC_DYNAMIC_NO_PIC = NO;
				GCC_OPTIMIZATION_LEVEL = 0;
				GCC_PREPROCESSOR_DEFINITIONS = (
					"DEBUG=1",
					"$(inherited)",
				);
				GCC_SYMBOLS_PRIVATE_EXTERN = NO;
				GCC_WARN_64_TO_32_BIT_CONVERSION = YES;
				GCC_WARN_ABOUT_RETURN_TYPE = YES_ERROR;
				GCC_WARN_UNDECLARED_SELECTOR = YES;
				GCC_WARN_UNINITIALIZED_AUTOS = YES;
				GCC_WARN_UNUSED_FUNCTION = YES;
				GCC_WARN_UNUSED_VARIABLE = YES;
				IPHONEOS_DEPLOYMENT_TARGET = 7.0;
				ONLY_ACTIVE_ARCH = YES;
				SDKROOT = iphoneos;
			};
			name = Debug;
		};
		421C1C7A189A2E9A00821973 /* Release */ = {
			isa = XCBuildConfiguration;
			buildSettings = {
				ALWAYS_SEARCH_USER_PATHS = NO;
				ARCHS = "$(ARCHS_STANDARD_INCLUDING_64_BIT)";
				CLANG_CXX_LANGUAGE_STANDARD = "gnu++0x";
				CLANG_CXX_LIBRARY = "libc++";
				CLANG_ENABLE_MODULES = YES;
				CLANG_ENABLE_OBJC_ARC = YES;
				CLANG_WARN_BOOL_CONVERSION = YES;
				CLANG_WARN_CONSTANT_CONVERSION = YES;
				CLANG_WARN_DIRECT_OBJC_ISA_USAGE = YES_ERROR;
				CLANG_WARN_EMPTY_BODY = YES;
				CLANG_WARN_ENUM_CONVERSION = YES;
				CLANG_WARN_INT_CONVERSION = YES;
				CLANG_WARN_OBJC_ROOT_CLASS = YES_ERROR;
				CLANG_WARN__DUPLICATE_METHOD_MATCH = YES;
				"CODE_SIGN_IDENTITY[sdk=iphoneos*]" = "iPhone Developer";
				COPY_PHASE_STRIP = YES;
				ENABLE_NS_ASSERTIONS = NO;
				GCC_C_LANGUAGE_STANDARD = gnu99;
				GCC_WARN_64_TO_32_BIT_CONVERSION = YES;
				GCC_WARN_ABOUT_RETURN_TYPE = YES_ERROR;
				GCC_WARN_UNDECLARED_SELECTOR = YES;
				GCC_WARN_UNINITIALIZED_AUTOS = YES;
				GCC_WARN_UNUSED_FUNCTION = YES;
				GCC_WARN_UNUSED_VARIABLE = YES;
				IPHONEOS_DEPLOYMENT_TARGET = 7.0;
				SDKROOT = iphoneos;
				VALIDATE_PRODUCT = YES;
			};
			name = Release;
		};
		421C1C7C189A2E9A00821973 /* Debug */ = {
			isa = XCBuildConfiguration;
			baseConfigurationReference = 67F57E2DB6D94CD2B1A5908F /* Pods.xcconfig */;
			buildSettings = {
				ASSETCATALOG_COMPILER_APPICON_NAME = AppIcon;
				ASSETCATALOG_COMPILER_LAUNCHIMAGE_NAME = LaunchImage;
				GCC_PRECOMPILE_PREFIX_HEADER = YES;
				GCC_PREFIX_HEADER = "Sockets/Sockets-Prefix.pch";
				INFOPLIST_FILE = "Sockets/Sockets-Info.plist";
				PRODUCT_NAME = "$(TARGET_NAME)";
				WRAPPER_EXTENSION = app;
			};
			name = Debug;
		};
		421C1C7D189A2E9A00821973 /* Release */ = {
			isa = XCBuildConfiguration;
			baseConfigurationReference = 67F57E2DB6D94CD2B1A5908F /* Pods.xcconfig */;
			buildSettings = {
				ASSETCATALOG_COMPILER_APPICON_NAME = AppIcon;
				ASSETCATALOG_COMPILER_LAUNCHIMAGE_NAME = LaunchImage;
				GCC_PRECOMPILE_PREFIX_HEADER = YES;
				GCC_PREFIX_HEADER = "Sockets/Sockets-Prefix.pch";
				INFOPLIST_FILE = "Sockets/Sockets-Info.plist";
				PRODUCT_NAME = "$(TARGET_NAME)";
				WRAPPER_EXTENSION = app;
			};
			name = Release;
		};
		421C1C7F189A2E9A00821973 /* Debug */ = {
			isa = XCBuildConfiguration;
			buildSettings = {
				ARCHS = "$(ARCHS_STANDARD_INCLUDING_64_BIT)";
				BUNDLE_LOADER = "$(BUILT_PRODUCTS_DIR)/Sockets.app/Sockets";
				FRAMEWORK_SEARCH_PATHS = (
					"$(SDKROOT)/Developer/Library/Frameworks",
					"$(inherited)",
					"$(DEVELOPER_FRAMEWORKS_DIR)",
				);
				GCC_PRECOMPILE_PREFIX_HEADER = YES;
				GCC_PREFIX_HEADER = "Sockets/Sockets-Prefix.pch";
				GCC_PREPROCESSOR_DEFINITIONS = (
					"DEBUG=1",
					"$(inherited)",
				);
				INFOPLIST_FILE = "SocketsTests/SocketsTests-Info.plist";
				PRODUCT_NAME = "$(TARGET_NAME)";
				TEST_HOST = "$(BUNDLE_LOADER)";
				WRAPPER_EXTENSION = xctest;
			};
			name = Debug;
		};
		421C1C80189A2E9A00821973 /* Release */ = {
			isa = XCBuildConfiguration;
			buildSettings = {
				ARCHS = "$(ARCHS_STANDARD_INCLUDING_64_BIT)";
				BUNDLE_LOADER = "$(BUILT_PRODUCTS_DIR)/Sockets.app/Sockets";
				FRAMEWORK_SEARCH_PATHS = (
					"$(SDKROOT)/Developer/Library/Frameworks",
					"$(inherited)",
					"$(DEVELOPER_FRAMEWORKS_DIR)",
				);
				GCC_PRECOMPILE_PREFIX_HEADER = YES;
				GCC_PREFIX_HEADER = "Sockets/Sockets-Prefix.pch";
				INFOPLIST_FILE = "SocketsTests/SocketsTests-Info.plist";
				PRODUCT_NAME = "$(TARGET_NAME)";
				TEST_HOST = "$(BUNDLE_LOADER)";
				WRAPPER_EXTENSION = xctest;
			};
			name = Release;
		};
/* End XCBuildConfiguration section */

/* Begin XCConfigurationList section */
		421C1C44189A2E9A00821973 /* Build configuration list for PBXProject "Sockets" */ = {
			isa = XCConfigurationList;
			buildConfigurations = (
				421C1C79189A2E9A00821973 /* Debug */,
				421C1C7A189A2E9A00821973 /* Release */,
			);
			defaultConfigurationIsVisible = 0;
			defaultConfigurationName = Release;
		};
		421C1C7B189A2E9A00821973 /* Build configuration list for PBXNativeTarget "Sockets" */ = {
			isa = XCConfigurationList;
			buildConfigurations = (
				421C1C7C189A2E9A00821973 /* Debug */,
				421C1C7D189A2E9A00821973 /* Release */,
			);
			defaultConfigurationIsVisible = 0;
			defaultConfigurationName = Release;
		};
		421C1C7E189A2E9A00821973 /* Build configuration list for PBXNativeTarget "SocketsTests" */ = {
			isa = XCConfigurationList;
			buildConfigurations = (
				421C1C7F189A2E9A00821973 /* Debug */,
				421C1C80189A2E9A00821973 /* Release */,
			);
			defaultConfigurationIsVisible = 0;
			defaultConfigurationName = Release;
		};
/* End XCConfigurationList section */
	};
	rootObject = 421C1C41189A2E9A00821973 /* Project object */;
}
